
Microsoft Visual Studio Solution File, Format Version 12.00
# Visual Studio Version 16
VisualStudioVersion = 16.0.31410.357
MinimumVisualStudioVersion = 10.0.40219.1
Project("{FAE04EC0-301F-11D3-BF4B-00C04F79EFBC}") = "Practica2", "Practica2\Practica2.csproj", "{D4DA58BA-1451-48DD-AE21-C883032F9275}"
EndProject
Global
	GlobalSection(SolutionConfigurationPlatforms) = preSolution
		Debug|Any CPU = Debug|Any CPU
		Release|Any CPU = Release|Any CPU
	EndGlobalSection
	GlobalSection(ProjectConfigurationPlatforms) = postSolution
		{D4DA58BA-1451-48DD-AE21-C883032F9275}.Debug|Any CPU.ActiveCfg = Debug|Any CPU
		{D4DA58BA-1451-48DD-AE21-C883032F9275}.Debug|Any CPU.Build.0 = Debug|Any CPU
		{D4DA58BA-1451-48DD-AE21-C883032F9275}.Release|Any CPU.ActiveCfg = Release|Any CPU
		{D4DA58BA-1451-48DD-AE21-C883032F9275}.Release|Any CPU.Build.0 = Release|Any CPU
	EndGlobalSection
	GlobalSection(SolutionProperties) = preSolution
		HideSolutionNode = FALSE
	EndGlobalSection
	GlobalSection(ExtensibilityGlobals) = postSolution
		SolutionGuid = {E0CA49DD-6EAF-46B4-9C86-62677F0E0D9C}
	EndGlobalSection
EndGlobal
